
Microsoft Visual Studio Solution File, Format Version 12.00
# Visual Studio Version 16
VisualStudioVersion = 16.0.30011.22
MinimumVisualStudioVersion = 10.0.40219.1
Project("{FAE04EC0-301F-11D3-BF4B-00C04F79EFBC}") = "Weather", "Weather\Weather.csproj", "{DCBE56C3-8D71-4D56-942E-925091C1737E}"
EndProject
Global
	GlobalSection(SolutionConfigurationPlatforms) = preSolution
		Debug|Any CPU = Debug|Any CPU
		Debug|x64 = Debug|x64
		Release|Any CPU = Release|Any CPU
		Release|x64 = Release|x64
	EndGlobalSection
	GlobalSection(ProjectConfigurationPlatforms) = postSolution
		{DCBE56C3-8D71-4D56-942E-925091C1737E}.Debug|Any CPU.ActiveCfg = Debug|Any CPU
		{DCBE56C3-8D71-4D56-942E-925091C1737E}.Debug|Any CPU.Build.0 = Debug|Any CPU
		{DCBE56C3-8D71-4D56-942E-925091C1737E}.Debug|x64.ActiveCfg = Debug|x64
		{DCBE56C3-8D71-4D56-942E-925091C1737E}.Debug|x64.Build.0 = Debug|x64
		{DCBE56C3-8D71-4D56-942E-925091C1737E}.Release|Any CPU.ActiveCfg = Release|x64
		{DCBE56C3-8D71-4D56-942E-925091C1737E}.Release|Any CPU.Build.0 = Release|x64
		{DCBE56C3-8D71-4D56-942E-925091C1737E}.Release|x64.ActiveCfg = Release|x64
		{DCBE56C3-8D71-4D56-942E-925091C1737E}.Release|x64.Build.0 = Release|x64
	EndGlobalSection
	GlobalSection(SolutionProperties) = preSolution
		HideSolutionNode = FALSE
	EndGlobalSection
	GlobalSection(ExtensibilityGlobals) = postSolution
		SolutionGuid = {E00D999A-4782-4AFC-9AFE-99CD4CD30404}
	EndGlobalSection
EndGlobal
